
Microsoft Visual Studio Solution File, Format Version 12.00
# Visual Studio Version 17
VisualStudioVersion = 17.1.32228.430
MinimumVisualStudioVersion = 10.0.40219.1
Project("{FAE04EC0-301F-11D3-BF4B-00C04F79EFBC}") = "ResponsiPemrograman4450", "ResponsiPemrograman4450.csproj", "{DFA3577C-38C0-484A-AF98-407F31ED10CC}"
EndProject
Global
	GlobalSection(SolutionConfigurationPlatforms) = preSolution
		Debug|Any CPU = Debug|Any CPU
		Release|Any CPU = Release|Any CPU
	EndGlobalSection
	GlobalSection(ProjectConfigurationPlatforms) = postSolution
		{DFA3577C-38C0-484A-AF98-407F31ED10CC}.Debug|Any CPU.ActiveCfg = Debug|Any CPU
		{DFA3577C-38C0-484A-AF98-407F31ED10CC}.Debug|Any CPU.Build.0 = Debug|Any CPU
		{DFA3577C-38C0-484A-AF98-407F31ED10CC}.Release|Any CPU.ActiveCfg = Release|Any CPU
		{DFA3577C-38C0-484A-AF98-407F31ED10CC}.Release|Any CPU.Build.0 = Release|Any CPU
	EndGlobalSection
	GlobalSection(SolutionProperties) = preSolution
		HideSolutionNode = FALSE
	EndGlobalSection
	GlobalSection(ExtensibilityGlobals) = postSolution
		SolutionGuid = {302456C0-2BA6-47D1-8609-7964E616F6E5}
	EndGlobalSection
EndGlobal
